
Microsoft Visual Studio Solution File, Format Version 12.00
# Visual Studio Version 17
VisualStudioVersion = 17.12.35527.113 d17.12
MinimumVisualStudioVersion = 10.0.40219.1
Project("{FAE04EC0-301F-11D3-BF4B-00C04F79EFBC}") = "VehicleFleetManagement.Server", "VehicleFleetManagement.Server\VehicleFleetManagement.Server.csproj", "{09CAEC91-EE47-484A-BEEF-825D9E182DFA}"
EndProject
Project("{54A90642-561A-4BB1-A94E-469ADEE60C69}") = "vehiclefleetmanagement.client", "vehiclefleetmanagement.client\vehiclefleetmanagement.client.esproj", "{BDA33FAB-14A3-4F63-89D6-4A10BC3D15CE}"
EndProject
Global
	GlobalSection(SolutionConfigurationPlatforms) = preSolution
		Debug|Any CPU = Debug|Any CPU
		Release|Any CPU = Release|Any CPU
	EndGlobalSection
	GlobalSection(ProjectConfigurationPlatforms) = postSolution
		{09CAEC91-EE47-484A-BEEF-825D9E182DFA}.Debug|Any CPU.ActiveCfg = Debug|Any CPU
		{09CAEC91-EE47-484A-BEEF-825D9E182DFA}.Debug|Any CPU.Build.0 = Debug|Any CPU
		{09CAEC91-EE47-484A-BEEF-825D9E182DFA}.Release|Any CPU.ActiveCfg = Release|Any CPU
		{09CAEC91-EE47-484A-BEEF-825D9E182DFA}.Release|Any CPU.Build.0 = Release|Any CPU
		{BDA33FAB-14A3-4F63-89D6-4A10BC3D15CE}.Debug|Any CPU.ActiveCfg = Debug|Any CPU
		{BDA33FAB-14A3-4F63-89D6-4A10BC3D15CE}.Debug|Any CPU.Build.0 = Debug|Any CPU
		{BDA33FAB-14A3-4F63-89D6-4A10BC3D15CE}.Debug|Any CPU.Deploy.0 = Debug|Any CPU
		{BDA33FAB-14A3-4F63-89D6-4A10BC3D15CE}.Release|Any CPU.ActiveCfg = Release|Any CPU
		{BDA33FAB-14A3-4F63-89D6-4A10BC3D15CE}.Release|Any CPU.Build.0 = Release|Any CPU
		{BDA33FAB-14A3-4F63-89D6-4A10BC3D15CE}.Release|Any CPU.Deploy.0 = Release|Any CPU
	EndGlobalSection
	GlobalSection(SolutionProperties) = preSolution
		HideSolutionNode = FALSE
	EndGlobalSection
EndGlobal
